# @generated by Move, please check-in and do not edit manually.

[move]
version = 3
manifest_digest = "A0D9ADA23DB1DCC500F67C772A65AA4515E767C905C1CEEF0F4669F95AC6C569"
deps_digest = "F8BBB0CCB2491CA29A3DF03D6F92277A4F3574266507ACD77214D37ECA3F3082"
dependencies = [
  { id = "Sui", name = "Sui" },
]

[[move.package]]
id = "MoveStdlib"
source = { git = "https://github.com/MystenLabs/sui.git", rev = "framework/testnet", subdir = "crates/sui-framework/packages/move-stdlib" }

[[move.package]]
id = "Sui"
source = { git = "https://github.com/MystenLabs/sui.git", rev = "framework/testnet", subdir = "crates/sui-framework/packages/sui-framework" }

dependencies = [
  { id = "MoveStdlib", name = "MoveStdlib" },
]

[move.toolchain-version]
compiler-version = "1.39.3"
edition = "2024.beta"
flavor = "sui"

[env]

[env.devnet]
chain-id = "5755bca6"
original-published-id = "0x999768c9d5e2497bb327e43a6cdd04b6628f7d2041a14f8c5a676a56e2e726e6"
latest-published-id = "0x999768c9d5e2497bb327e43a6cdd04b6628f7d2041a14f8c5a676a56e2e726e6"
published-version = "1"
