# @generated by Move, please check-in and do not edit manually.

[move]
version = 3
manifest_digest = "2312B3CC2F2644EE0D27067F515B610096FE0C0B70C228AD8B321DBE54DA920F"
deps_digest = "F8BBB0CCB2491CA29A3DF03D6F92277A4F3574266507ACD77214D37ECA3F3082"
dependencies = [
  { id = "Sui", name = "Sui" },
]

[[move.package]]
id = "MoveStdlib"
source = { local = "../../../crates/sui-framework/packages/move-stdlib" }

[[move.package]]
id = "Sui"
source = { local = "../../../crates/sui-framework/packages/sui-framework" }

dependencies = [
  { id = "MoveStdlib", name = "MoveStdlib" },
]

[move.toolchain-version]
compiler-version = "1.39.3"
edition = "2024.beta"
flavor = "sui"

[env]

[env.devnet]
chain-id = "5755bca6"
original-published-id = "0x384922a1e4a3fb56ca2f36836ca85e135e5b051f2ef856bea55f007b46f3c762"
latest-published-id = "0x384922a1e4a3fb56ca2f36836ca85e135e5b051f2ef856bea55f007b46f3c762"
published-version = "1"
